
Microsoft Visual Studio Solution File, Format Version 12.00
# Visual Studio Version 17
VisualStudioVersion = 17.3.32922.545
MinimumVisualStudioVersion = 10.0.40219.1
Project("{FAE04EC0-301F-11D3-BF4B-00C04F79EFBC}") = "RockPaperScissors", "RockPaperScissors\RockPaperScissors.csproj", "{1A242B8D-9272-4242-B72E-2D85597615F9}"
EndProject
Global
	GlobalSection(SolutionConfigurationPlatforms) = preSolution
		Debug|Any CPU = Debug|Any CPU
		Release|Any CPU = Release|Any CPU
	EndGlobalSection
	GlobalSection(ProjectConfigurationPlatforms) = postSolution
		{1A242B8D-9272-4242-B72E-2D85597615F9}.Debug|Any CPU.ActiveCfg = Debug|Any CPU
		{1A242B8D-9272-4242-B72E-2D85597615F9}.Debug|Any CPU.Build.0 = Debug|Any CPU
		{1A242B8D-9272-4242-B72E-2D85597615F9}.Release|Any CPU.ActiveCfg = Release|Any CPU
		{1A242B8D-9272-4242-B72E-2D85597615F9}.Release|Any CPU.Build.0 = Release|Any CPU
	EndGlobalSection
	GlobalSection(SolutionProperties) = preSolution
		HideSolutionNode = FALSE
	EndGlobalSection
	GlobalSection(ExtensibilityGlobals) = postSolution
		SolutionGuid = {EAAEC975-361F-4E1B-A21D-75317E6F1445}
	EndGlobalSection
EndGlobal
